lockVersion: 2.0.0
id: cd0c80c5-02e8-4eb5-8ae8-b49d9e852640
management:
  docChecksum: d777e04bbdb335845eff8a5572da2405
  docVersion: 1.0.0
  speakeasyVersion: 1.738.0
  generationVersion: 2.845.21
  releaseVersion: 0.0.1
  configChecksum: 7549dbbdbd80efe985c65e14609365f9
features:
  typescript:
    additionalDependencies: 0.1.0
    core: 3.26.38
    defaultEnabledRetries: 0.1.0
    devContainers: 2.90.1
    envVarSecurityUsage: 0.1.2
    globalSecurity: 2.82.15
    globalSecurityCallbacks: 0.1.0
    globalSecurityFlattening: 0.1.1
    globalServerURLs: 2.83.1
    methodArguments: 0.1.2
    responseFormat: 0.3.0
    retries: 2.83.0
    sdkHooks: 0.4.0
trackedFiles:
  .devcontainer/README.md:
    last_write_checksum: sha1:b6564d2a7c8ae764fff6d1b4666dcd787210a000
  .devcontainer/devcontainer.json:
    last_write_checksum: sha1:d0b15193202c961e7d1875864ddb15f9d17c84dd
  .devcontainer/setup.sh:
    last_write_checksum: sha1:7b54449c45af3fc6b274cb6e00321c63f9dd3886
  .gitattributes:
    last_write_checksum: sha1:26d16d8297b104945139da8c25bd38feeaad3e25
  .npmignore:
    last_write_checksum: sha1:425e91786e3b6cddd2b364bf3f9f9cd38e3c3e1a
  FUNCTIONS.md:
    last_write_checksum: sha1:36b0f0590a48549f269972cc046d875746f813b4
  RUNTIMES.md:
    last_write_checksum: sha1:e45b854f02c357cbcfdb8c3663000e8339e16505
  USAGE.md:
    last_write_checksum: sha1:fd425bdb82e418fffb27083a1cd80b38ca7d6f9a
  docs/lib/utils/retryconfig.md:
    last_write_checksum: sha1:bc4454e196fcd219f5a78da690375a884f5ed07b
  docs/models/operations/verify-bank-account-request-body.md:
    last_write_checksum: sha1:8dd38a5f8f262570927bdf31dd49ff7472fe38f5
  docs/models/operations/verify-bank-account-request.md:
    last_write_checksum: sha1:940bf205087a4e3e3374702755646a416bf5a2b5
  docs/models/operations/verify-bank-account-response.md:
    last_write_checksum: sha1:915e7c596116e6c8303a9ddd592d13897758f3bd
  docs/models/security.md:
    last_write_checksum: sha1:3e1100d1d8a1abfab203c46b5c4fa0c5fd17d43d
  docs/sdks/bank/README.md:
    last_write_checksum: sha1:026c8d3a75c067f28d388e07adf714417ce062f2
  docs/sdks/kyc/README.md:
    last_write_checksum: sha1:76c1c35d24faf5179ca9c19cbc05d4e680cfacaf
  eslint.config.mjs:
    last_write_checksum: sha1:9398f326377fe47f67af2df6eb6370750c0790b4
  examples/.env.template:
    last_write_checksum: sha1:783788140a1522fc31ff02eb1727e393c23eda1e
  examples/README.md:
    last_write_checksum: sha1:d4c29222be9d1d0fdc8ea26e9ae40181ccabe2ac
  examples/kycVerifyBankAccount.example.ts:
    last_write_checksum: sha1:1bba20159cad803940a167d2bd4375535cbca027
  examples/package.json:
    last_write_checksum: sha1:fdb735c00bd692325486a61c2ae2e1bf78dbff16
  jsr.json:
    last_write_checksum: sha1:651031456296003e8d1b6001b23cc359e2ca00ed
  package.json:
    last_write_checksum: sha1:4f904e21e24aba69b028dbf56098ed5b419eeaa6
  src/core.ts:
    last_write_checksum: sha1:253f15cdb39e23bd470355dde47148ba03abfb16
  src/funcs/kyc-verify-bank-account.ts:
    last_write_checksum: sha1:50edb161d3d58c0c6b4317698be56cec7ec63dd1
  src/hooks/hooks.ts:
    last_write_checksum: sha1:7dd975bbcc46a32dd394f86a4652b74ecc70d874
  src/hooks/index.ts:
    last_write_checksum: sha1:1a11c073a6cd792932218e1d4ed36b8567bad8ef
  src/hooks/types.ts:
    last_write_checksum: sha1:27a3444c4839bec58ae89820fd8c2483edafc3f4
  src/index.ts:
    last_write_checksum: sha1:35c9cde3ae14b18b3f893a1afe8b6c44f8760f24
  src/lib/base64.ts:
    last_write_checksum: sha1:8c94164f2f78e6041c853186fa01f659591f5913
  src/lib/config.ts:
    last_write_checksum: sha1:4e4cb266acb75fb182e6102ce26f54cd5cb63c65
  src/lib/dlv.ts:
    last_write_checksum: sha1:1dd3e3fbb4550c4bf31f5ef997faff355d6f3250
  src/lib/encodings.ts:
    last_write_checksum: sha1:7b206b995d985c9c1c89856a23346cf87c22d374
  src/lib/env.ts:
    last_write_checksum: sha1:03b0b3ac29eb5fd167eec915d52774b5d17df926
  src/lib/files.ts:
    last_write_checksum: sha1:d0f325f445b8d22e7d73baf052c585ec2dd24841
  src/lib/http.ts:
    last_write_checksum: sha1:797cbf16d3c7c4d62d3ba0eedb08617524938457
  src/lib/is-plain-object.ts:
    last_write_checksum: sha1:df687f25a9590b6fd95d39df41a652ae3fd4e517
  src/lib/logger.ts:
    last_write_checksum: sha1:0ec9d3a2a34c362746b767e4f9a746c055d57a7b
  src/lib/matchers.ts:
    last_write_checksum: sha1:f9fe199b2ba2be5a916b6ca37ed4fd547d94b645
  src/lib/primitives.ts:
    last_write_checksum: sha1:987869fc54790b9c22e9182099103d6aa7c67016
  src/lib/retries.ts:
    last_write_checksum: sha1:f3da74dffcbe2756c69393f8600205aa1dc06e68
  src/lib/schemas.ts:
    last_write_checksum: sha1:b4b5fd22340ebd5b2914ee7b177c797b28fba7ef
  src/lib/sdks.ts:
    last_write_checksum: sha1:f8381335d7ec9a856468ab8d0e1e6f9cef069e59
  src/lib/security.ts:
    last_write_checksum: sha1:37ea7981a8104ed2d2c49ec70749cdd6f53ff233
  src/lib/url.ts:
    last_write_checksum: sha1:d124050c7e755c0cce233b9e029afb584ff65201
  src/models/errors/http-client-errors.ts:
    last_write_checksum: sha1:994ced121c54fecd0af038ccfb7855fbfd3868ec
  src/models/errors/index.ts:
    last_write_checksum: sha1:25842712da3d3d0cd1c6a79e83e7695c4c9d7301
  src/models/errors/protean-default-error.ts:
    last_write_checksum: sha1:539a4f84218b63f06bef2d345e34b50870e34cf1
  src/models/errors/protean-error.ts:
    last_write_checksum: sha1:adde02e1a0d247c40f70b1f37b52887462f3a089
  src/models/errors/response-validation-error.ts:
    last_write_checksum: sha1:226b62b2cc38596a4b1676f74649f9843f7f2a70
  src/models/errors/sdk-validation-error.ts:
    last_write_checksum: sha1:92771987c251f02fd86cfd824a3be709cd3c2837
  src/models/index.ts:
    last_write_checksum: sha1:a445498c6a67166ab0fd15bc7a3f890780f560eb
  src/models/operations/index.ts:
    last_write_checksum: sha1:4cc24e158b9d938255c57a0d7eb0ea2ecfc51cbb
  src/models/operations/verify-bank-account.ts:
    last_write_checksum: sha1:459d5c042936722efed8b786b4c0d3d55527f033
  src/models/security.ts:
    last_write_checksum: sha1:fc62f773c783122fc6ec77309a929027dfddb9f5
  src/sdk/bank.ts:
    last_write_checksum: sha1:aedb37e20b84f5da5cd23f07553ec7b3f628d44a
  src/sdk/index.ts:
    last_write_checksum: sha1:ed6d64f2a6135349aa8498b8d8cff9ba85c7fb8f
  src/sdk/kyc.ts:
    last_write_checksum: sha1:82af1abce31e7925adb433cc73c9d4ee08db19b6
  src/sdk/sdk.ts:
    last_write_checksum: sha1:305761a6cf15fea1d1609ef6fc53e752aa3ddfcb
  src/types/async.ts:
    last_write_checksum: sha1:3ff07b3feaf390ec1aeb18ff938e139c6c4a9585
  src/types/blobs.ts:
    last_write_checksum: sha1:fd681458b532138913c372b05b3e16407abaa7a1
  src/types/const-date-time.ts:
    last_write_checksum: sha1:ce05316b31b373401875d5e962d63d2422e09cf2
  src/types/default-to-zero-value.ts:
    last_write_checksum: sha1:2820c0bc8e71d475e79cc6b6947ca18d93f6310c
  src/types/enums.ts:
    last_write_checksum: sha1:d7d0ffad0c128a11c5feb1f0ae8f3b507ee03c14
  src/types/fp.ts:
    last_write_checksum: sha1:d24994d58f37a1ca106847fcc6d2e976c6f1c093
  src/types/index.ts:
    last_write_checksum: sha1:a591fec0ad2231615101ebb6a95cc4d043733a6c
  src/types/operations.ts:
    last_write_checksum: sha1:c49e724cfb1259296381cb57bc0fcdd2eae45865
  src/types/primitives.ts:
    last_write_checksum: sha1:7bdf6c790bdbcb8e369088557c42878f5270a701
  src/types/rfcdate.ts:
    last_write_checksum: sha1:8e5f382e02fe21c2f2e24deb1b7bbf8cddd3dd16
  src/types/smart-union.ts:
    last_write_checksum: sha1:9928dbec2d8ad501da8518c10ec6df3b441eb5c9
  src/types/streams.ts:
    last_write_checksum: sha1:cc9ced2dd34a76c3a1bd7784ccda1cc3b37ab9a9
  src/types/unrecognized.ts:
    last_write_checksum: sha1:d33ac686528492f4cdc0dbf81ed343b4afe020fe
  tsconfig.json:
    last_write_checksum: sha1:c3ec7996536cdb9a54319e7d1eb3b199b733d34c
examples:
  verifyBankAccount:
    speakeasy-default-verify-bank-account:
      parameters:
        header:
          apikey: "kidNaidREXqRUp9qPsrJcLC1pbYJ7Y0q97dFw3gHTf2gbXQF"
      requestBody:
        application/json: {"entityId": "<id>", "programId": "<id>", "requestId": "<id>", "txnType": "<value>"}
      responses:
        "200":
          application/json: {"statusCode": "204"}
examplesVersion: 1.0.2
