speakeasyVersion: 1.738.0
sources:
    io-protean:
        sourceNamespace: io-protean
        sourceRevisionDigest: sha256:ecdc5e61bb56a17d89835e78aadc0ee5deaf8c8f8c1e7a3f979472cc9922c054
        sourceBlobDigest: sha256:97e7938d91307cab4f999aa201bed1584a34b79d783b078ebbcd34b2d5f1faa0
        tags:
            - latest
            - 1.0.0
targets:
    protean:
        source: io-protean
        sourceNamespace: io-protean
        sourceRevisionDigest: sha256:ecdc5e61bb56a17d89835e78aadc0ee5deaf8c8f8c1e7a3f979472cc9922c054
        sourceBlobDigest: sha256:97e7938d91307cab4f999aa201bed1584a34b79d783b078ebbcd34b2d5f1faa0
        codeSamplesNamespace: io-protean-typescript-code-samples
        codeSamplesRevisionDigest: sha256:59fe1875a5bee010e2ba6abe96ebfdbb26b7c07ccc383ac6caee10f9b8d4e098
workflow:
    workflowVersion: 1.0.0
    speakeasyVersion: latest
    sources:
        io-protean:
            inputs:
                - location: ../openapi/io-protean.openapi.json
            output: .speakeasy/out.openapi.yaml
            registry:
                location: registry.speakeasyapi.dev/sandbox-dn/myworkspace/io-protean
    targets:
        protean:
            target: typescript
            source: io-protean
            codeSamples:
                registry:
                    location: registry.speakeasyapi.dev/sandbox-dn/myworkspace/io-protean-typescript-code-samples
                labelOverride:
                    fixedValue: Typescript (SDK)
                blocking: false
