speakeasyVersion: 1.738.0
sources:
    io-protean:
        sourceNamespace: io-protean
        sourceRevisionDigest: sha256:c12e1c4d75773216e15ec46db34f802b2e46e08ae56e29ffd9b42f1d6846028c
        sourceBlobDigest: sha256:9d18bc1456e8e30f6d93fb40833040efc8ff51678e8bb0ffaead0c0c07afd2e0
        tags:
            - latest
            - 1.0.0
targets:
    protean:
        source: io-protean
        sourceNamespace: io-protean
        sourceRevisionDigest: sha256:c12e1c4d75773216e15ec46db34f802b2e46e08ae56e29ffd9b42f1d6846028c
        sourceBlobDigest: sha256:9d18bc1456e8e30f6d93fb40833040efc8ff51678e8bb0ffaead0c0c07afd2e0
        codeSamplesNamespace: io-protean-typescript-code-samples
        codeSamplesRevisionDigest: sha256:16e7f1fe2ce1b3a3c7bd23cb38b03486fad952b0076b602b56e60b5e7d8202f3
workflow:
    workflowVersion: 1.0.0
    speakeasyVersion: latest
    sources:
        io-protean:
            inputs:
                - location: ..\io-protean.openapi.json
            output: .speakeasy/out.openapi.yaml
            registry:
                location: registry.speakeasyapi.dev/sandbox-dn/myworkspace/io-protean
    targets:
        protean:
            target: typescript
            source: io-protean
            codeSamples:
                registry:
                    location: registry.speakeasyapi.dev/sandbox-dn/myworkspace/io-protean-typescript-code-samples
                labelOverride:
                    fixedValue: Typescript (SDK)
                blocking: false
